// !$*UTF8*$!
{
	archiveVersion = 1;
	classes = {
	};
	objectVersion = 50;
	objects = {

/* Begin PBXBuildFile section */
		12887A0B23A8A47300097E5B /* AppDelegate.swift in Sources */ = {isa = PBXBuildFile; fileRef = 12887A0A23A8A47300097E5B /* AppDelegate.swift */; };
		12887A0D23A8A47300097E5B /* SceneDelegate.swift in Sources */ = {isa = PBXBuildFile; fileRef = 12887A0C23A8A47300097E5B /* SceneDelegate.swift */; };
		12887A0F23A8A47300097E5B /* MainVC.swift in Sources */ = {isa = PBXBuildFile; fileRef = 12887A0E23A8A47300097E5B /* MainVC.swift */; };
		12887A1423A8A47600097E5B /* Assets.xcassets in Resources */ = {isa = PBXBuildFile; fileRef = 12887A1323A8A47600097E5B /* Assets.xcassets */; };
		12887A1F23A8A68300097E5B /* Extensions.swift in Sources */ = {isa = PBXBuildFile; fileRef = 12887A1E23A8A68300097E5B /* Extensions.swift */; };
		12887A2123A8AE7D00097E5B /* SelectCurrencyTVC.swift in Sources */ = {isa = PBXBuildFile; fileRef = 12887A2023A8AE7D00097E5B /* SelectCurrencyTVC.swift */; };
		12887A2323A8AE9F00097E5B /* SelectCurrencyCell.swift in Sources */ = {isa = PBXBuildFile; fileRef = 12887A2223A8AE9F00097E5B /* SelectCurrencyCell.swift */; };
		12887A2723A8AF6200097E5B /* Currency.swift in Sources */ = {isa = PBXBuildFile; fileRef = 12887A2623A8AF6200097E5B /* Currency.swift */; };
/* End PBXBuildFile section */

/* Begin PBXFileReference section */
		12887A0723A8A47300097E5B /* WorkingWithCurrencies.app */ = {isa = PBXFileReference; explicitFileType = wrapper.application; includeInIndex = 0; path = WorkingWithCurrencies.app; sourceTree = BUILT_PRODUCTS_DIR; };
		12887A0A23A8A47300097E5B /* AppDelegate.swift */ = {isa = PBXFileReference; lastKnownFileType = sourcecode.swift; path = AppDelegate.swift; sourceTree = "<group>"; };
		12887A0C23A8A47300097E5B /* SceneDelegate.swift */ = {isa = PBXFileReference; lastKnownFileType = sourcecode.swift; path = SceneDelegate.swift; sourceTree = "<group>"; };
		12887A0E23A8A47300097E5B /* MainVC.swift */ = {isa = PBXFileReference; lastKnownFileType = sourcecode.swift; path = MainVC.swift; sourceTree = "<group>"; };
		12887A1323A8A47600097E5B /* Assets.xcassets */ = {isa = PBXFileReference; lastKnownFileType = folder.assetcatalog; path = Assets.xcassets; sourceTree = "<group>"; };
		12887A1823A8A47600097E5B /* Info.plist */ = {isa = PBXFileReference; lastKnownFileType = text.plist.xml; path = Info.plist; sourceTree = "<group>"; };
		12887A1E23A8A68300097E5B /* Extensions.swift */ = {isa = PBXFileReference; lastKnownFileType = sourcecode.swift; path = Extensions.swift; sourceTree = "<group>"; };
		12887A2023A8AE7D00097E5B /* SelectCurrencyTVC.swift */ = {isa = PBXFileReference; lastKnownFileType = sourcecode.swift; path = SelectCurrencyTVC.swift; sourceTree = "<group>"; };
		12887A2223A8AE9F00097E5B /* SelectCurrencyCell.swift */ = {isa = PBXFileReference; lastKnownFileType = sourcecode.swift; path = SelectCurrencyCell.swift; sourceTree = "<group>"; };
		12887A2623A8AF6200097E5B /* Currency.swift */ = {isa = PBXFileReference; lastKnownFileType = sourcecode.swift; path = Currency.swift; sourceTree = "<group>"; };
		12BB38DE24919782007B2A92 /* CurrenciesPlayground.playground */ = {isa = PBXFileReference; lastKnownFileType = file.playground; path = CurrenciesPlayground.playground; sourceTree = "<group>"; xcLanguageSpecificationIdentifier = xcode.lang.swift; };
/* End PBXFileReference section */

/* Begin PBXFrameworksBuildPhase section */
		12887A0423A8A47300097E5B /* Frameworks */ = {
			isa = PBXFrameworksBuildPhase;
			buildActionMask = 2147483647;
			files = (
			);
			runOnlyForDeploymentPostprocessing = 0;
		};
/* End PBXFrameworksBuildPhase section */

/* Begin PBXGroup section */
		128879FE23A8A47300097E5B = {
			isa = PBXGroup;
			children = (
				12887A0923A8A47300097E5B /* WorkingWithCurrencies */,
				12887A0823A8A47300097E5B /* Products */,
			);
			sourceTree = "<group>";
		};
		12887A0823A8A47300097E5B /* Products */ = {
			isa = PBXGroup;
			children = (
				12887A0723A8A47300097E5B /* WorkingWithCurrencies.app */,
			);
			name = Products;
			sourceTree = "<group>";
		};
		12887A0923A8A47300097E5B /* WorkingWithCurrencies */ = {
			isa = PBXGroup;
			children = (
				12BB38DD24919738007B2A92 /* Playgrounds */,
				12887A0A23A8A47300097E5B /* AppDelegate.swift */,
				12887A0C23A8A47300097E5B /* SceneDelegate.swift */,
				12887A0E23A8A47300097E5B /* MainVC.swift */,
				12887A2023A8AE7D00097E5B /* SelectCurrencyTVC.swift */,
				12887A2223A8AE9F00097E5B /* SelectCurrencyCell.swift */,
				12887A1323A8A47600097E5B /* Assets.xcassets */,
				12887A1823A8A47600097E5B /* Info.plist */,
				12887A1E23A8A68300097E5B /* Extensions.swift */,
				12887A2623A8AF6200097E5B /* Currency.swift */,
			);
			path = WorkingWithCurrencies;
			sourceTree = "<group>";
		};
		12BB38DD24919738007B2A92 /* Playgrounds */ = {
			isa = PBXGroup;
			children = (
				12BB38DE24919782007B2A92 /* CurrenciesPlayground.playground */,
			);
			path = Playgrounds;
			sourceTree = "<group>";
		};
/* End PBXGroup section */

/* Begin PBXNativeTarget section */
		12887A0623A8A47300097E5B /* WorkingWithCurrencies */ = {
			isa = PBXNativeTarget;
			buildConfigurationList = 12887A1B23A8A47600097E5B /* Build configuration list for PBXNativeTarget "WorkingWithCurrencies" */;
			buildPhases = (
				12887A0323A8A47300097E5B /* Sources */,
				12887A0423A8A47300097E5B /* Frameworks */,
				12887A0523A8A47300097E5B /* Resources */,
			);
			buildRules = (
			);
			dependencies = (
			);
			name = WorkingWithCurrencies;
			productName = WorkingWithCurrencies;
			productReference = 12887A0723A8A47300097E5B /* WorkingWithCurrencies.app */;
			productType = "com.apple.product-type.application";
		};
/* End PBXNativeTarget section */

/* Begin PBXProject section */
		128879FF23A8A47300097E5B /* Project object */ = {
			isa = PBXProject;
			attributes = {
				LastSwiftUpdateCheck = 1130;
				LastUpgradeCheck = 1130;
				ORGANIZATIONNAME = "Josh R";
				TargetAttributes = {
					12887A0623A8A47300097E5B = {
						CreatedOnToolsVersion = 11.3;
					};
				};
			};
			buildConfigurationList = 12887A0223A8A47300097E5B /* Build configuration list for PBXProject "WorkingWithCurrencies" */;
			compatibilityVersion = "Xcode 9.3";
			developmentRegion = en;
			hasScannedForEncodings = 0;
			knownRegions = (
				en,
				Base,
			);
			mainGroup = 128879FE23A8A47300097E5B;
			productRefGroup = 12887A0823A8A47300097E5B /* Products */;
			projectDirPath = "";
			projectRoot = "";
			targets = (
				12887A0623A8A47300097E5B /* WorkingWithCurrencies */,
			);
		};
/* End PBXProject section */

/* Begin PBXResourcesBuildPhase section */
		12887A0523A8A47300097E5B /* Resources */ = {
			isa = PBXResourcesBuildPhase;
			buildActionMask = 2147483647;
			files = (
				12887A1423A8A47600097E5B /* Assets.xcassets in Resources */,
			);
			runOnlyForDeploymentPostprocessing = 0;
		};
/* End PBXResourcesBuildPhase section */

/* Begin PBXSourcesBuildPhase section */
		12887A0323A8A47300097E5B /* Sources */ = {
			isa = PBXSourcesBuildPhase;
			buildActionMask = 2147483647;
			files = (
				12887A0F23A8A47300097E5B /* MainVC.swift in Sources */,
				12887A0B23A8A47300097E5B /* AppDelegate.swift in Sources */,
				12887A2323A8AE9F00097E5B /* SelectCurrencyCell.swift in Sources */,
				12887A0D23A8A47300097E5B /* SceneDelegate.swift in Sources */,
				12887A2123A8AE7D00097E5B /* SelectCurrencyTVC.swift in Sources */,
				12887A2723A8AF6200097E5B /* Currency.swift in Sources */,
				12887A1F23A8A68300097E5B /* Extensions.swift in Sources */,
			);
			runOnlyForDeploymentPostprocessing = 0;
		};
/* End PBXSourcesBuildPhase section */

/* Begin XCBuildConfiguration section */
		12887A1923A8A47600097E5B /* Debug */ = {
			isa = XCBuildConfiguration;
			buildSettings = {
				ALWAYS_SEARCH_USER_PATHS = NO;
				CLANG_ANALYZER_NONNULL = YES;
				CLANG_ANALYZER_NUMBER_OBJECT_CONVERSION = YES_AGGRESSIVE;
				CLANG_CXX_LANGUAGE_STANDARD = "gnu++14";
				CLANG_CXX_LIBRARY = "libc++";
				CLANG_ENABLE_MODULES = YES;
				CLANG_ENABLE_OBJC_ARC = YES;
				CLANG_ENABLE_OBJC_WEAK = YES;
				CLANG_WARN_BLOCK_CAPTURE_AUTORELEASING = YES;
				CLANG_WARN_BOOL_CONVERSION = YES;
				CLANG_WARN_COMMA = YES;
				CLANG_WARN_CONSTANT_CONVERSION = YES;
				CLANG_WARN_DEPRECATED_OBJC_IMPLEMENTATIONS = YES;
				CLANG_WARN_DIRECT_OBJC_ISA_USAGE = YES_ERROR;
				CLANG_WARN_DOCUMENTATION_COMMENTS = YES;
				CLANG_WARN_EMPTY_BODY = YES;
				CLANG_WARN_ENUM_CONVERSION = YES;
				CLANG_WARN_INFINITE_RECURSION = YES;
				CLANG_WARN_INT_CONVERSION = YES;
				CLANG_WARN_NON_LITERAL_NULL_CONVERSION = YES;
				CLANG_WARN_OBJC_IMPLICIT_RETAIN_SELF = YES;
				CLANG_WARN_OBJC_LITERAL_CONVERSION = YES;
				CLANG_WARN_OBJC_ROOT_CLASS = YES_ERROR;
				CLANG_WARN_RANGE_LOOP_ANALYSIS = YES;
				CLANG_WARN_STRICT_PROTOTYPES = YES;
				CLANG_WARN_SUSPICIOUS_MOVE = YES;
				CLANG_WARN_UNGUARDED_AVAILABILITY = YES_AGGRESSIVE;
				CLANG_WARN_UNREACHABLE_CODE = YES;
				CLANG_WARN__DUPLICATE_METHOD_MATCH = YES;
				COPY_PHASE_STRIP = NO;
				DEBUG_INFORMATION_FORMAT = dwarf;
				ENABLE_STRICT_OBJC_MSGSEND = YES;
				ENABLE_TESTABILITY = YES;
				GCC_C_LANGUAGE_STANDARD = gnu11;
				GCC_DYNAMIC_NO_PIC = NO;
				GCC_NO_COMMON_BLOCKS = YES;
				GCC_OPTIMIZATION_LEVEL = 0;
				GCC_PREPROCESSOR_DEFINITIONS = (
					"DEBUG=1",
					"$(inherited)",
				);
				GCC_WARN_64_TO_32_BIT_CONVERSION = YES;
				GCC_WARN_ABOUT_RETURN_TYPE = YES_ERROR;
				GCC_WARN_UNDECLARED_SELECTOR = YES;
				GCC_WARN_UNINITIALIZED_AUTOS = YES_AGGRESSIVE;
				GCC_WARN_UNUSED_FUNCTION = YES;
				GCC_WARN_UNUSED_VARIABLE = YES;
				IPHONEOS_DEPLOYMENT_TARGET = 13.2;
				MTL_ENABLE_DEBUG_INFO = INCLUDE_SOURCE;
				MTL_FAST_MATH = YES;
				ONLY_ACTIVE_ARCH = YES;
				SDKROOT = iphoneos;
				SWIFT_ACTIVE_COMPILATION_CONDITIONS = DEBUG;
				SWIFT_OPTIMIZATION_LEVEL = "-Onone";
			};
			name = Debug;
		};
		12887A1A23A8A47600097E5B /* Release */ = {
			isa = XCBuildConfiguration;
			buildSettings = {
				ALWAYS_SEARCH_USER_PATHS = NO;
				CLANG_ANALYZER_NONNULL = YES;
				CLANG_ANALYZER_NUMBER_OBJECT_CONVERSION = YES_AGGRESSIVE;
				CLANG_CXX_LANGUAGE_STANDARD = "gnu++14";
				CLANG_CXX_LIBRARY = "libc++";
				CLANG_ENABLE_MODULES = YES;
				CLANG_ENABLE_OBJC_ARC = YES;
				CLANG_ENABLE_OBJC_WEAK = YES;
				CLANG_WARN_BLOCK_CAPTURE_AUTORELEASING = YES;
				CLANG_WARN_BOOL_CONVERSION = YES;
				CLANG_WARN_COMMA = YES;
				CLANG_WARN_CONSTANT_CONVERSION = YES;
				CLANG_WARN_DEPRECATED_OBJC_IMPLEMENTATIONS = YES;
				CLANG_WARN_DIRECT_OBJC_ISA_USAGE = YES_ERROR;
				CLANG_WARN_DOCUMENTATION_COMMENTS = YES;
				CLANG_WARN_EMPTY_BODY = YES;
				CLANG_WARN_ENUM_CONVERSION = YES;
				CLANG_WARN_INFINITE_RECURSION = YES;
				CLANG_WARN_INT_CONVERSION = YES;
				CLANG_WARN_NON_LITERAL_NULL_CONVERSION = YES;
				CLANG_WARN_OBJC_IMPLICIT_RETAIN_SELF = YES;
				CLANG_WARN_OBJC_LITERAL_CONVERSION = YES;
				CLANG_WARN_OBJC_ROOT_CLASS = YES_ERROR;
				CLANG_WARN_RANGE_LOOP_ANALYSIS = YES;
				CLANG_WARN_STRICT_PROTOTYPES = YES;
				CLANG_WARN_SUSPICIOUS_MOVE = YES;
				CLANG_WARN_UNGUARDED_AVAILABILITY = YES_AGGRESSIVE;
				CLANG_WARN_UNREACHABLE_CODE = YES;
				CLANG_WARN__DUPLICATE_METHOD_MATCH = YES;
				COPY_PHASE_STRIP = NO;
				DEBUG_INFORMATION_FORMAT = "dwarf-with-dsym";
				ENABLE_NS_ASSERTIONS = NO;
				ENABLE_STRICT_OBJC_MSGSEND = YES;
				GCC_C_LANGUAGE_STANDARD = gnu11;
				GCC_NO_COMMON_BLOCKS = YES;
				GCC_WARN_64_TO_32_BIT_CONVERSION = YES;
				GCC_WARN_ABOUT_RETURN_TYPE = YES_ERROR;
				GCC_WARN_UNDECLARED_SELECTOR = YES;
				GCC_WARN_UNINITIALIZED_AUTOS = YES_AGGRESSIVE;
				GCC_WARN_UNUSED_FUNCTION = YES;
				GCC_WARN_UNUSED_VARIABLE = YES;
				IPHONEOS_DEPLOYMENT_TARGET = 13.2;
				MTL_ENABLE_DEBUG_INFO = NO;
				MTL_FAST_MATH = YES;
				SDKROOT = iphoneos;
				SWIFT_COMPILATION_MODE = wholemodule;
				SWIFT_OPTIMIZATION_LEVEL = "-O";
				VALIDATE_PRODUCT = YES;
			};
			name = Release;
		};
		12887A1C23A8A47600097E5B /* Debug */ = {
			isa = XCBuildConfiguration;
			buildSettings = {
				ASSETCATALOG_COMPILER_APPICON_NAME = AppIcon;
				CODE_SIGN_STYLE = Automatic;
				DEVELOPMENT_TEAM = C66Y3DM74C;
				INFOPLIST_FILE = WorkingWithCurrencies/Info.plist;
				LD_RUNPATH_SEARCH_PATHS = (
					"$(inherited)",
					"@executable_path/Frameworks",
				);
				PRODUCT_BUNDLE_IDENTIFIER = com.joshr.WorkingWithCurrencies;
				PRODUCT_NAME = "$(TARGET_NAME)";
				SWIFT_VERSION = 5.0;
				TARGETED_DEVICE_FAMILY = "1,2";
			};
			name = Debug;
		};
		12887A1D23A8A47600097E5B /* Release */ = {
			isa = XCBuildConfiguration;
			buildSettings = {
				ASSETCATALOG_COMPILER_APPICON_NAME = AppIcon;
				CODE_SIGN_STYLE = Automatic;
				DEVELOPMENT_TEAM = C66Y3DM74C;
				INFOPLIST_FILE = WorkingWithCurrencies/Info.plist;
				LD_RUNPATH_SEARCH_PATHS = (
					"$(inherited)",
					"@executable_path/Frameworks",
				);
				PRODUCT_BUNDLE_IDENTIFIER = com.joshr.WorkingWithCurrencies;
				PRODUCT_NAME = "$(TARGET_NAME)";
				SWIFT_VERSION = 5.0;
				TARGETED_DEVICE_FAMILY = "1,2";
			};
			name = Release;
		};
/* End XCBuildConfiguration section */

/* Begin XCConfigurationList section */
		12887A0223A8A47300097E5B /* Build configuration list for PBXProject "WorkingWithCurrencies" */ = {
			isa = XCConfigurationList;
			buildConfigurations = (
				12887A1923A8A47600097E5B /* Debug */,
				12887A1A23A8A47600097E5B /* Release */,
			);
			defaultConfigurationIsVisible = 0;
			defaultConfigurationName = Release;
		};
		12887A1B23A8A47600097E5B /* Build configuration list for PBXNativeTarget "WorkingWithCurrencies" */ = {
			isa = XCConfigurationList;
			buildConfigurations = (
				12887A1C23A8A47600097E5B /* Debug */,
				12887A1D23A8A47600097E5B /* Release */,
			);
			defaultConfigurationIsVisible = 0;
			defaultConfigurationName = Release;
		};
/* End XCConfigurationList section */
	};
	rootObject = 128879FF23A8A47300097E5B /* Project object */;
}
